
Microsoft Visual Studio Solution File, Format Version 12.00
# Visual Studio 15
VisualStudioVersion = 15.0.26730.12
MinimumVisualStudioVersion = 10.0.40219.1
Project("{FAE04EC0-301F-11D3-BF4B-00C04F79EFBC}") = "MilkaOreo", "MilkaOreo\MilkaOreo.csproj", "{9C4E2B18-AC3D-4FBB-96B0-090DA4012B0E}"
EndProject
Global
	GlobalSection(SolutionConfigurationPlatforms) = preSolution
		Debug|Any CPU = Debug|Any CPU
		Release|Any CPU = Release|Any CPU
	EndGlobalSection
	GlobalSection(ProjectConfigurationPlatforms) = postSolution
		{9C4E2B18-AC3D-4FBB-96B0-090DA4012B0E}.Debug|Any CPU.ActiveCfg = Debug|Any CPU
		{9C4E2B18-AC3D-4FBB-96B0-090DA4012B0E}.Debug|Any CPU.Build.0 = Debug|Any CPU
		{9C4E2B18-AC3D-4FBB-96B0-090DA4012B0E}.Release|Any CPU.ActiveCfg = Release|Any CPU
		{9C4E2B18-AC3D-4FBB-96B0-090DA4012B0E}.Release|Any CPU.Build.0 = Release|Any CPU
	EndGlobalSection
	GlobalSection(SolutionProperties) = preSolution
		HideSolutionNode = FALSE
	EndGlobalSection
	GlobalSection(ExtensibilityGlobals) = postSolution
		SolutionGuid = {D35C4DA1-3D7F-43B9-BF9B-A5D44DE5D3EB}
	EndGlobalSection
EndGlobal
